// !$*UTF8*$!
{
	archiveVersion = 1;
	classes = {
	};
	objectVersion = 50;
	objects = {

/* Begin PBXBuildFile section */
		831553AB250C031100EADE84 /* HTTPError.swift in Sources */ = {isa = PBXBuildFile; fileRef = 831553AA250C031100EADE84 /* HTTPError.swift */; };
		831553AD250C0BA300EADE84 /* HTTPMethod.swift in Sources */ = {isa = PBXBuildFile; fileRef = 831553AC250C0BA300EADE84 /* HTTPMethod.swift */; };
		831553AF250C0C4500EADE84 /* HTTPResult.swift in Sources */ = {isa = PBXBuildFile; fileRef = 831553AE250C0C4500EADE84 /* HTTPResult.swift */; };
		831553B1250D53EB00EADE84 /* HTTPResponse.swift in Sources */ = {isa = PBXBuildFile; fileRef = 831553B0250D53EB00EADE84 /* HTTPResponse.swift */; };
		831553B3250D545D00EADE84 /* ParameterEncoding.swift in Sources */ = {isa = PBXBuildFile; fileRef = 831553B2250D545D00EADE84 /* ParameterEncoding.swift */; };
		831553B5250D54B900EADE84 /* SecCertificate+PinnedCertificates.swift in Sources */ = {isa = PBXBuildFile; fileRef = 831553B4250D54B900EADE84 /* SecCertificate+PinnedCertificates.swift */; };
		831553B7250D55D300EADE84 /* URLRequestConvertible.swift in Sources */ = {isa = PBXBuildFile; fileRef = 831553B6250D55D300EADE84 /* URLRequestConvertible.swift */; };
		831553B9250D5DFD00EADE84 /* SessionManager.swift in Sources */ = {isa = PBXBuildFile; fileRef = 831553B8250D5DFD00EADE84 /* SessionManager.swift */; };
		831553BB250E148600EADE84 /* HTTPRequest.swift in Sources */ = {isa = PBXBuildFile; fileRef = 831553BA250E148600EADE84 /* HTTPRequest.swift */; };
		831553BD250E15AF00EADE84 /* HTTPProviderProtocol.swift in Sources */ = {isa = PBXBuildFile; fileRef = 831553BC250E15AF00EADE84 /* HTTPProviderProtocol.swift */; };
		831553BF250E1BAE00EADE84 /* HTTPProvider.swift in Sources */ = {isa = PBXBuildFile; fileRef = 831553BE250E1BAE00EADE84 /* HTTPProvider.swift */; };
		831553C1250E1C2E00EADE84 /* Endpoint.swift in Sources */ = {isa = PBXBuildFile; fileRef = 831553C0250E1C2E00EADE84 /* Endpoint.swift */; };
		831553C3250E1D9B00EADE84 /* HTTPNetworkClient.swift in Sources */ = {isa = PBXBuildFile; fileRef = 831553C2250E1D9B00EADE84 /* HTTPNetworkClient.swift */; };
		839F41E3252FBFD30062C307 /* MockAPIRoutes.swift in Sources */ = {isa = PBXBuildFile; fileRef = 839F41E2252FBFD30062C307 /* MockAPIRoutes.swift */; };
		839F41EB25318CCF0062C307 /* MockAPIProvider.swift in Sources */ = {isa = PBXBuildFile; fileRef = 839F41EA25318CCF0062C307 /* MockAPIProvider.swift */; };
		839F41FD253194B00062C307 /* TestEndpoints.swift in Sources */ = {isa = PBXBuildFile; fileRef = 839F41F82531948F0062C307 /* TestEndpoints.swift */; };
		839F420F2531B3EA0062C307 /* MockProviders.swift in Sources */ = {isa = PBXBuildFile; fileRef = 839F42072531B3D10062C307 /* MockProviders.swift */; };
		839F42202531B5DE0062C307 /* HTTPRequestSendTests.swift in Sources */ = {isa = PBXBuildFile; fileRef = 839F42142531B5A30062C307 /* HTTPRequestSendTests.swift */; };
		839F422C253421CC0062C307 /* HTTPRequestBuildingTests.swift in Sources */ = {isa = PBXBuildFile; fileRef = 839F4224253421A20062C307 /* HTTPRequestBuildingTests.swift */; };
		839F4231253426F60062C307 /* HTTPProviderTests.swift in Sources */ = {isa = PBXBuildFile; fileRef = 839F4230253426F60062C307 /* HTTPProviderTests.swift */; };
		83EE992D24AE46FF000EDCE5 /* Assets.xcassets in Resources */ = {isa = PBXBuildFile; fileRef = 83EE992C24AE46FF000EDCE5 /* Assets.xcassets */; };
		83EE993024AE46FF000EDCE5 /* LaunchScreen.storyboard in Resources */ = {isa = PBXBuildFile; fileRef = 83EE992E24AE46FF000EDCE5 /* LaunchScreen.storyboard */; };
		83EE994624AE46FF000EDCE5 /* NikeCodingChallengeUITests.swift in Sources */ = {isa = PBXBuildFile; fileRef = 83EE994524AE46FF000EDCE5 /* NikeCodingChallengeUITests.swift */; };
		83EE995824AE53F7000EDCE5 /* ContainerController.swift in Sources */ = {isa = PBXBuildFile; fileRef = 83EE995724AE53F7000EDCE5 /* ContainerController.swift */; };
		83EE995A24AE5429000EDCE5 /* HomeController.swift in Sources */ = {isa = PBXBuildFile; fileRef = 83EE995924AE5429000EDCE5 /* HomeController.swift */; };
		83EE995F24AE6E03000EDCE5 /* Album.swift in Sources */ = {isa = PBXBuildFile; fileRef = 83EE995E24AE6E03000EDCE5 /* Album.swift */; };
		83EE996824AE6FC8000EDCE5 /* SceneDelegate.swift in Sources */ = {isa = PBXBuildFile; fileRef = 83EE996724AE6FC8000EDCE5 /* SceneDelegate.swift */; };
		83EE996D24AE71BC000EDCE5 /* NetworkService.swift in Sources */ = {isa = PBXBuildFile; fileRef = 83EE996C24AE71BC000EDCE5 /* NetworkService.swift */; };
		83EE996F24AE763E000EDCE5 /* Strings+Helper.swift in Sources */ = {isa = PBXBuildFile; fileRef = 83EE996E24AE763E000EDCE5 /* Strings+Helper.swift */; };
		83EE997324AE80E2000EDCE5 /* Notifications+Helper.swift in Sources */ = {isa = PBXBuildFile; fileRef = 83EE997224AE80E2000EDCE5 /* Notifications+Helper.swift */; };
		83EE997724AFC91C000EDCE5 /* AppDelegate.swift in Sources */ = {isa = PBXBuildFile; fileRef = 83EE997624AFC91C000EDCE5 /* AppDelegate.swift */; };
		83EE997924AFCECE000EDCE5 /* HomeControllerCells.swift in Sources */ = {isa = PBXBuildFile; fileRef = 83EE997824AFCECE000EDCE5 /* HomeControllerCells.swift */; };
		83EE997B24AFD159000EDCE5 /* UIImageView+LoadImage.swift in Sources */ = {isa = PBXBuildFile; fileRef = 83EE997A24AFD159000EDCE5 /* UIImageView+LoadImage.swift */; };
		83EE997D24AFD3F7000EDCE5 /* Genre.swift in Sources */ = {isa = PBXBuildFile; fileRef = 83EE997C24AFD3F7000EDCE5 /* Genre.swift */; };
		83EE997F24AFEAAA000EDCE5 /* UIView+Pinning.swift in Sources */ = {isa = PBXBuildFile; fileRef = 83EE997E24AFEAAA000EDCE5 /* UIView+Pinning.swift */; };
		83EE998224B05511000EDCE5 /* DetailViewController.swift in Sources */ = {isa = PBXBuildFile; fileRef = 83EE998124B05511000EDCE5 /* DetailViewController.swift */; };
		83EE998624B07769000EDCE5 /* WebView.swift in Sources */ = {isa = PBXBuildFile; fileRef = 83EE998524B07769000EDCE5 /* WebView.swift */; };
		83EE998824B07920000EDCE5 /* UIViewController+Ext.swift in Sources */ = {isa = PBXBuildFile; fileRef = 83EE998724B07920000EDCE5 /* UIViewController+Ext.swift */; };
/* End PBXBuildFile section */

/* Begin PBXContainerItemProxy section */
		83EE993724AE46FF000EDCE5 /* PBXContainerItemProxy */ = {
			isa = PBXContainerItemProxy;
			containerPortal = 83EE991824AE46FA000EDCE5 /* Project object */;
			proxyType = 1;
			remoteGlobalIDString = 83EE991F24AE46FA000EDCE5;
			remoteInfo = NikeCodingChallenge;
		};
		83EE994224AE46FF000EDCE5 /* PBXContainerItemProxy */ = {
			isa = PBXContainerItemProxy;
			containerPortal = 83EE991824AE46FA000EDCE5 /* Project object */;
			proxyType = 1;
			remoteGlobalIDString = 83EE991F24AE46FA000EDCE5;
			remoteInfo = NikeCodingChallenge;
		};
/* End PBXContainerItemProxy section */

/* Begin PBXFileReference section */
		831553AA250C031100EADE84 /* HTTPError.swift */ = {isa = PBXFileReference; lastKnownFileType = sourcecode.swift; path = HTTPError.swift; sourceTree = "<group>"; };
		831553AC250C0BA300EADE84 /* HTTPMethod.swift */ = {isa = PBXFileReference; lastKnownFileType = sourcecode.swift; path = HTTPMethod.swift; sourceTree = "<group>"; };
		831553AE250C0C4500EADE84 /* HTTPResult.swift */ = {isa = PBXFileReference; lastKnownFileType = sourcecode.swift; path = HTTPResult.swift; sourceTree = "<group>"; };
		831553B0250D53EB00EADE84 /* HTTPResponse.swift */ = {isa = PBXFileReference; lastKnownFileType = sourcecode.swift; path = HTTPResponse.swift; sourceTree = "<group>"; };
		831553B2250D545D00EADE84 /* ParameterEncoding.swift */ = {isa = PBXFileReference; lastKnownFileType = sourcecode.swift; path = ParameterEncoding.swift; sourceTree = "<group>"; };
		831553B4250D54B900EADE84 /* SecCertificate+PinnedCertificates.swift */ = {isa = PBXFileReference; lastKnownFileType = sourcecode.swift; path = "SecCertificate+PinnedCertificates.swift"; sourceTree = "<group>"; };
		831553B6250D55D300EADE84 /* URLRequestConvertible.swift */ = {isa = PBXFileReference; lastKnownFileType = sourcecode.swift; path = URLRequestConvertible.swift; sourceTree = "<group>"; };
		831553B8250D5DFD00EADE84 /* SessionManager.swift */ = {isa = PBXFileReference; lastKnownFileType = sourcecode.swift; path = SessionManager.swift; sourceTree = "<group>"; };
		831553BA250E148600EADE84 /* HTTPRequest.swift */ = {isa = PBXFileReference; lastKnownFileType = sourcecode.swift; path = HTTPRequest.swift; sourceTree = "<group>"; };
		831553BC250E15AF00EADE84 /* HTTPProviderProtocol.swift */ = {isa = PBXFileReference; lastKnownFileType = sourcecode.swift; path = HTTPProviderProtocol.swift; sourceTree = "<group>"; };
		831553BE250E1BAE00EADE84 /* HTTPProvider.swift */ = {isa = PBXFileReference; lastKnownFileType = sourcecode.swift; path = HTTPProvider.swift; sourceTree = "<group>"; };
		831553C0250E1C2E00EADE84 /* Endpoint.swift */ = {isa = PBXFileReference; lastKnownFileType = sourcecode.swift; path = Endpoint.swift; sourceTree = "<group>"; };
		831553C2250E1D9B00EADE84 /* HTTPNetworkClient.swift */ = {isa = PBXFileReference; lastKnownFileType = sourcecode.swift; path = HTTPNetworkClient.swift; sourceTree = "<group>"; };
		839F41E2252FBFD30062C307 /* MockAPIRoutes.swift */ = {isa = PBXFileReference; lastKnownFileType = sourcecode.swift; path = MockAPIRoutes.swift; sourceTree = "<group>"; };
		839F41EA25318CCF0062C307 /* MockAPIProvider.swift */ = {isa = PBXFileReference; lastKnownFileType = sourcecode.swift; path = MockAPIProvider.swift; sourceTree = "<group>"; };
		839F41F82531948F0062C307 /* TestEndpoints.swift */ = {isa = PBXFileReference; lastKnownFileType = sourcecode.swift; path = TestEndpoints.swift; sourceTree = "<group>"; };
		839F42072531B3D10062C307 /* MockProviders.swift */ = {isa = PBXFileReference; lastKnownFileType = sourcecode.swift; path = MockProviders.swift; sourceTree = "<group>"; };
		839F42142531B5A30062C307 /* HTTPRequestSendTests.swift */ = {isa = PBXFileReference; lastKnownFileType = sourcecode.swift; path = HTTPRequestSendTests.swift; sourceTree = "<group>"; };
		839F4224253421A20062C307 /* HTTPRequestBuildingTests.swift */ = {isa = PBXFileReference; lastKnownFileType = sourcecode.swift; path = HTTPRequestBuildingTests.swift; sourceTree = "<group>"; };
		839F4230253426F60062C307 /* HTTPProviderTests.swift */ = {isa = PBXFileReference; lastKnownFileType = sourcecode.swift; path = HTTPProviderTests.swift; sourceTree = "<group>"; };
		83EE992024AE46FA000EDCE5 /* NikeCodingChallenge.app */ = {isa = PBXFileReference; explicitFileType = wrapper.application; includeInIndex = 0; path = NikeCodingChallenge.app; sourceTree = BUILT_PRODUCTS_DIR; };
		83EE992C24AE46FF000EDCE5 /* Assets.xcassets */ = {isa = PBXFileReference; lastKnownFileType = folder.assetcatalog; path = Assets.xcassets; sourceTree = "<group>"; };
		83EE992F24AE46FF000EDCE5 /* Base */ = {isa = PBXFileReference; lastKnownFileType = file.storyboard; name = Base; path = Base.lproj/LaunchScreen.storyboard; sourceTree = "<group>"; };
		83EE993124AE46FF000EDCE5 /* Info.plist */ = {isa = PBXFileReference; lastKnownFileType = text.plist.xml; path = Info.plist; sourceTree = "<group>"; };
		83EE993624AE46FF000EDCE5 /* NikeCodingChallengeTests.xctest */ = {isa = PBXFileReference; explicitFileType = wrapper.cfbundle; includeInIndex = 0; path = NikeCodingChallengeTests.xctest; sourceTree = BUILT_PRODUCTS_DIR; };
		83EE993C24AE46FF000EDCE5 /* Info.plist */ = {isa = PBXFileReference; lastKnownFileType = text.plist.xml; path = Info.plist; sourceTree = "<group>"; };
		83EE994124AE46FF000EDCE5 /* NikeCodingChallengeUITests.xctest */ = {isa = PBXFileReference; explicitFileType = wrapper.cfbundle; includeInIndex = 0; path = NikeCodingChallengeUITests.xctest; sourceTree = BUILT_PRODUCTS_DIR; };
		83EE994524AE46FF000EDCE5 /* NikeCodingChallengeUITests.swift */ = {isa = PBXFileReference; lastKnownFileType = sourcecode.swift; path = NikeCodingChallengeUITests.swift; sourceTree = "<group>"; };
		83EE994724AE46FF000EDCE5 /* Info.plist */ = {isa = PBXFileReference; lastKnownFileType = text.plist.xml; path = Info.plist; sourceTree = "<group>"; };
		83EE995724AE53F7000EDCE5 /* ContainerController.swift */ = {isa = PBXFileReference; lastKnownFileType = sourcecode.swift; path = ContainerController.swift; sourceTree = "<group>"; };
		83EE995924AE5429000EDCE5 /* HomeController.swift */ = {isa = PBXFileReference; lastKnownFileType = sourcecode.swift; path = HomeController.swift; sourceTree = "<group>"; };
		83EE995E24AE6E03000EDCE5 /* Album.swift */ = {isa = PBXFileReference; lastKnownFileType = sourcecode.swift; path = Album.swift; sourceTree = "<group>"; };
		83EE996724AE6FC8000EDCE5 /* SceneDelegate.swift */ = {isa = PBXFileReference; lastKnownFileType = sourcecode.swift; path = SceneDelegate.swift; sourceTree = "<group>"; };
		83EE996C24AE71BC000EDCE5 /* NetworkService.swift */ = {isa = PBXFileReference; lastKnownFileType = sourcecode.swift; path = NetworkService.swift; sourceTree = "<group>"; };
		83EE996E24AE763E000EDCE5 /* Strings+Helper.swift */ = {isa = PBXFileReference; lastKnownFileType = sourcecode.swift; path = "Strings+Helper.swift"; sourceTree = "<group>"; };
		83EE997224AE80E2000EDCE5 /* Notifications+Helper.swift */ = {isa = PBXFileReference; lastKnownFileType = sourcecode.swift; path = "Notifications+Helper.swift"; sourceTree = "<group>"; };
		83EE997624AFC91C000EDCE5 /* AppDelegate.swift */ = {isa = PBXFileReference; fileEncoding = 4; lastKnownFileType = sourcecode.swift; path = AppDelegate.swift; sourceTree = "<group>"; };
		83EE997824AFCECE000EDCE5 /* HomeControllerCells.swift */ = {isa = PBXFileReference; lastKnownFileType = sourcecode.swift; path = HomeControllerCells.swift; sourceTree = "<group>"; };
		83EE997A24AFD159000EDCE5 /* UIImageView+LoadImage.swift */ = {isa = PBXFileReference; lastKnownFileType = sourcecode.swift; path = "UIImageView+LoadImage.swift"; sourceTree = "<group>"; };
		83EE997C24AFD3F7000EDCE5 /* Genre.swift */ = {isa = PBXFileReference; lastKnownFileType = sourcecode.swift; path = Genre.swift; sourceTree = "<group>"; };
		83EE997E24AFEAAA000EDCE5 /* UIView+Pinning.swift */ = {isa = PBXFileReference; lastKnownFileType = sourcecode.swift; path = "UIView+Pinning.swift"; sourceTree = "<group>"; };
		83EE998124B05511000EDCE5 /* DetailViewController.swift */ = {isa = PBXFileReference; lastKnownFileType = sourcecode.swift; path = DetailViewController.swift; sourceTree = "<group>"; };
		83EE998524B07769000EDCE5 /* WebView.swift */ = {isa = PBXFileReference; lastKnownFileType = sourcecode.swift; path = WebView.swift; sourceTree = "<group>"; };
		83EE998724B07920000EDCE5 /* UIViewController+Ext.swift */ = {isa = PBXFileReference; lastKnownFileType = sourcecode.swift; path = "UIViewController+Ext.swift"; sourceTree = "<group>"; };
/* End PBXFileReference section */

/* Begin PBXFrameworksBuildPhase section */
		83EE991D24AE46FA000EDCE5 /* Frameworks */ = {
			isa = PBXFrameworksBuildPhase;
			buildActionMask = 2147483647;
			files = (
			);
			runOnlyForDeploymentPostprocessing = 0;
		};
		83EE993324AE46FF000EDCE5 /* Frameworks */ = {
			isa = PBXFrameworksBuildPhase;
			buildActionMask = 2147483647;
			files = (
			);
			runOnlyForDeploymentPostprocessing = 0;
		};
		83EE993E24AE46FF000EDCE5 /* Frameworks */ = {
			isa = PBXFrameworksBuildPhase;
			buildActionMask = 2147483647;
			files = (
			);
			runOnlyForDeploymentPostprocessing = 0;
		};
/* End PBXFrameworksBuildPhase section */

/* Begin PBXGroup section */
		831553A8250C02EE00EADE84 /* RESTNetworking */ = {
			isa = PBXGroup;
			children = (
				831553C0250E1C2E00EADE84 /* Endpoint.swift */,
				831553B8250D5DFD00EADE84 /* SessionManager.swift */,
				831553B6250D55D300EADE84 /* URLRequestConvertible.swift */,
				831553B4250D54B900EADE84 /* SecCertificate+PinnedCertificates.swift */,
				831553A9250C02FF00EADE84 /* HTTP */,
			);
			path = RESTNetworking;
			sourceTree = "<group>";
		};
		831553A9250C02FF00EADE84 /* HTTP */ = {
			isa = PBXGroup;
			children = (
				831553AA250C031100EADE84 /* HTTPError.swift */,
				831553AC250C0BA300EADE84 /* HTTPMethod.swift */,
				831553BA250E148600EADE84 /* HTTPRequest.swift */,
				831553B0250D53EB00EADE84 /* HTTPResponse.swift */,
				831553AE250C0C4500EADE84 /* HTTPResult.swift */,
				831553B2250D545D00EADE84 /* ParameterEncoding.swift */,
				831553BC250E15AF00EADE84 /* HTTPProviderProtocol.swift */,
				831553BE250E1BAE00EADE84 /* HTTPProvider.swift */,
				831553C2250E1D9B00EADE84 /* HTTPNetworkClient.swift */,
			);
			path = HTTP;
			sourceTree = "<group>";
		};
		839F41E1252FBFB50062C307 /* MockRESTNetworking */ = {
			isa = PBXGroup;
			children = (
				839F41E2252FBFD30062C307 /* MockAPIRoutes.swift */,
				839F41EA25318CCF0062C307 /* MockAPIProvider.swift */,
			);
			path = MockRESTNetworking;
			sourceTree = "<group>";
		};
		839F41F5253191440062C307 /* Supporting Files */ = {
			isa = PBXGroup;
			children = (
				83EE993C24AE46FF000EDCE5 /* Info.plist */,
			);
			path = "Supporting Files";
			sourceTree = "<group>";
		};
		839F41F6253192B30062C307 /* Shared */ = {
			isa = PBXGroup;
			children = (
				839F42072531B3D10062C307 /* MockProviders.swift */,
			);
			path = Shared;
			sourceTree = "<group>";
		};
		839F41F7253194790062C307 /* Models */ = {
			isa = PBXGroup;
			children = (
				839F41F82531948F0062C307 /* TestEndpoints.swift */,
			);
			path = Models;
			sourceTree = "<group>";
		};
		839F42132531B56B0062C307 /* HTTPTests */ = {
			isa = PBXGroup;
			children = (
				839F42142531B5A30062C307 /* HTTPRequestSendTests.swift */,
				839F4224253421A20062C307 /* HTTPRequestBuildingTests.swift */,
				839F4230253426F60062C307 /* HTTPProviderTests.swift */,
			);
			path = HTTPTests;
			sourceTree = "<group>";
		};
		83EE991724AE46FA000EDCE5 = {
			isa = PBXGroup;
			children = (
				83EE992224AE46FA000EDCE5 /* NikeCodingChallenge */,
				83EE993924AE46FF000EDCE5 /* Tests */,
				83EE994424AE46FF000EDCE5 /* NikeCodingChallengeUITests */,
				83EE992124AE46FA000EDCE5 /* Products */,
			);
			sourceTree = "<group>";
		};
		83EE992124AE46FA000EDCE5 /* Products */ = {
			isa = PBXGroup;
			children = (
				83EE992024AE46FA000EDCE5 /* NikeCodingChallenge.app */,
				83EE993624AE46FF000EDCE5 /* NikeCodingChallengeTests.xctest */,
				83EE994124AE46FF000EDCE5 /* NikeCodingChallengeUITests.xctest */,
			);
			name = Products;
			sourceTree = "<group>";
		};
		83EE992224AE46FA000EDCE5 /* NikeCodingChallenge */ = {
			isa = PBXGroup;
			children = (
				83EE996B24AE71AC000EDCE5 /* Shared */,
				83EE996024AE6E08000EDCE5 /* Models */,
				83EE995B24AE58FF000EDCE5 /* Controllers */,
				83EE995324AE4F98000EDCE5 /* Delegates */,
				83EE992C24AE46FF000EDCE5 /* Assets.xcassets */,
				83EE992E24AE46FF000EDCE5 /* LaunchScreen.storyboard */,
				83EE993124AE46FF000EDCE5 /* Info.plist */,
			);
			path = NikeCodingChallenge;
			sourceTree = "<group>";
		};
		83EE993924AE46FF000EDCE5 /* Tests */ = {
			isa = PBXGroup;
			children = (
				839F42132531B56B0062C307 /* HTTPTests */,
				839F41F7253194790062C307 /* Models */,
				839F41F6253192B30062C307 /* Shared */,
				839F41F5253191440062C307 /* Supporting Files */,
			);
			path = Tests;
			sourceTree = "<group>";
		};
		83EE994424AE46FF000EDCE5 /* NikeCodingChallengeUITests */ = {
			isa = PBXGroup;
			children = (
				83EE994524AE46FF000EDCE5 /* NikeCodingChallengeUITests.swift */,
				83EE994724AE46FF000EDCE5 /* Info.plist */,
			);
			path = NikeCodingChallengeUITests;
			sourceTree = "<group>";
		};
		83EE995324AE4F98000EDCE5 /* Delegates */ = {
			isa = PBXGroup;
			children = (
				83EE997624AFC91C000EDCE5 /* AppDelegate.swift */,
				83EE996724AE6FC8000EDCE5 /* SceneDelegate.swift */,
			);
			path = Delegates;
			sourceTree = "<group>";
		};
		83EE995B24AE58FF000EDCE5 /* Controllers */ = {
			isa = PBXGroup;
			children = (
				83EE998024B054CA000EDCE5 /* Home */,
				83EE995724AE53F7000EDCE5 /* ContainerController.swift */,
				83EE998124B05511000EDCE5 /* DetailViewController.swift */,
				83EE998524B07769000EDCE5 /* WebView.swift */,
			);
			path = Controllers;
			sourceTree = "<group>";
		};
		83EE996024AE6E08000EDCE5 /* Models */ = {
			isa = PBXGroup;
			children = (
				83EE995E24AE6E03000EDCE5 /* Album.swift */,
				83EE997C24AFD3F7000EDCE5 /* Genre.swift */,
			);
			path = Models;
			sourceTree = "<group>";
		};
		83EE996B24AE71AC000EDCE5 /* Shared */ = {
			isa = PBXGroup;
			children = (
				839F41E1252FBFB50062C307 /* MockRESTNetworking */,
				831553A8250C02EE00EADE84 /* RESTNetworking */,
				83EE996C24AE71BC000EDCE5 /* NetworkService.swift */,
				83EE996E24AE763E000EDCE5 /* Strings+Helper.swift */,
				83EE997224AE80E2000EDCE5 /* Notifications+Helper.swift */,
				83EE997A24AFD159000EDCE5 /* UIImageView+LoadImage.swift */,
				83EE997E24AFEAAA000EDCE5 /* UIView+Pinning.swift */,
				83EE998724B07920000EDCE5 /* UIViewController+Ext.swift */,
			);
			path = Shared;
			sourceTree = "<group>";
		};
		83EE998024B054CA000EDCE5 /* Home */ = {
			isa = PBXGroup;
			children = (
				83EE995924AE5429000EDCE5 /* HomeController.swift */,
				83EE997824AFCECE000EDCE5 /* HomeControllerCells.swift */,
			);
			path = Home;
			sourceTree = "<group>";
		};
/* End PBXGroup section */

/* Begin PBXNativeTarget section */
		83EE991F24AE46FA000EDCE5 /* NikeCodingChallenge */ = {
			isa = PBXNativeTarget;
			buildConfigurationList = 83EE994A24AE46FF000EDCE5 /* Build configuration list for PBXNativeTarget "NikeCodingChallenge" */;
			buildPhases = (
				83EE991C24AE46FA000EDCE5 /* Sources */,
				83EE991D24AE46FA000EDCE5 /* Frameworks */,
				83EE991E24AE46FA000EDCE5 /* Resources */,
			);
			buildRules = (
			);
			dependencies = (
			);
			name = NikeCodingChallenge;
			productName = NikeCodingChallenge;
			productReference = 83EE992024AE46FA000EDCE5 /* NikeCodingChallenge.app */;
			productType = "com.apple.product-type.application";
		};
		83EE993524AE46FF000EDCE5 /* NikeCodingChallengeTests */ = {
			isa = PBXNativeTarget;
			buildConfigurationList = 83EE994D24AE46FF000EDCE5 /* Build configuration list for PBXNativeTarget "NikeCodingChallengeTests" */;
			buildPhases = (
				83EE993224AE46FF000EDCE5 /* Sources */,
				83EE993324AE46FF000EDCE5 /* Frameworks */,
				83EE993424AE46FF000EDCE5 /* Resources */,
			);
			buildRules = (
			);
			dependencies = (
				83EE993824AE46FF000EDCE5 /* PBXTargetDependency */,
			);
			name = NikeCodingChallengeTests;
			productName = NikeCodingChallengeTests;
			productReference = 83EE993624AE46FF000EDCE5 /* NikeCodingChallengeTests.xctest */;
			productType = "com.apple.product-type.bundle.unit-test";
		};
		83EE994024AE46FF000EDCE5 /* NikeCodingChallengeUITests */ = {
			isa = PBXNativeTarget;
			buildConfigurationList = 83EE995024AE46FF000EDCE5 /* Build configuration list for PBXNativeTarget "NikeCodingChallengeUITests" */;
			buildPhases = (
				83EE993D24AE46FF000EDCE5 /* Sources */,
				83EE993E24AE46FF000EDCE5 /* Frameworks */,
				83EE993F24AE46FF000EDCE5 /* Resources */,
			);
			buildRules = (
			);
			dependencies = (
				83EE994324AE46FF000EDCE5 /* PBXTargetDependency */,
			);
			name = NikeCodingChallengeUITests;
			productName = NikeCodingChallengeUITests;
			productReference = 83EE994124AE46FF000EDCE5 /* NikeCodingChallengeUITests.xctest */;
			productType = "com.apple.product-type.bundle.ui-testing";
		};
/* End PBXNativeTarget section */

/* Begin PBXProject section */
		83EE991824AE46FA000EDCE5 /* Project object */ = {
			isa = PBXProject;
			attributes = {
				LastSwiftUpdateCheck = 1150;
				LastUpgradeCheck = 1150;
				ORGANIZATIONNAME = "Joshua Rambert";
				TargetAttributes = {
					83EE991F24AE46FA000EDCE5 = {
						CreatedOnToolsVersion = 11.5;
					};
					83EE993524AE46FF000EDCE5 = {
						CreatedOnToolsVersion = 11.5;
						TestTargetID = 83EE991F24AE46FA000EDCE5;
					};
					83EE994024AE46FF000EDCE5 = {
						CreatedOnToolsVersion = 11.5;
						TestTargetID = 83EE991F24AE46FA000EDCE5;
					};
				};
			};
			buildConfigurationList = 83EE991B24AE46FA000EDCE5 /* Build configuration list for PBXProject "NikeCodingChallenge" */;
			compatibilityVersion = "Xcode 9.3";
			developmentRegion = en;
			hasScannedForEncodings = 0;
			knownRegions = (
				en,
				Base,
			);
			mainGroup = 83EE991724AE46FA000EDCE5;
			productRefGroup = 83EE992124AE46FA000EDCE5 /* Products */;
			projectDirPath = "";
			projectRoot = "";
			targets = (
				83EE991F24AE46FA000EDCE5 /* NikeCodingChallenge */,
				83EE993524AE46FF000EDCE5 /* NikeCodingChallengeTests */,
				83EE994024AE46FF000EDCE5 /* NikeCodingChallengeUITests */,
			);
		};
/* End PBXProject section */

/* Begin PBXResourcesBuildPhase section */
		83EE991E24AE46FA000EDCE5 /* Resources */ = {
			isa = PBXResourcesBuildPhase;
			buildActionMask = 2147483647;
			files = (
				83EE993024AE46FF000EDCE5 /* LaunchScreen.storyboard in Resources */,
				83EE992D24AE46FF000EDCE5 /* Assets.xcassets in Resources */,
			);
			runOnlyForDeploymentPostprocessing = 0;
		};
		83EE993424AE46FF000EDCE5 /* Resources */ = {
			isa = PBXResourcesBuildPhase;
			buildActionMask = 2147483647;
			files = (
			);
			runOnlyForDeploymentPostprocessing = 0;
		};
		83EE993F24AE46FF000EDCE5 /* Resources */ = {
			isa = PBXResourcesBuildPhase;
			buildActionMask = 2147483647;
			files = (
			);
			runOnlyForDeploymentPostprocessing = 0;
		};
/* End PBXResourcesBuildPhase section */

/* Begin PBXSourcesBuildPhase section */
		83EE991C24AE46FA000EDCE5 /* Sources */ = {
			isa = PBXSourcesBuildPhase;
			buildActionMask = 2147483647;
			files = (
				831553B5250D54B900EADE84 /* SecCertificate+PinnedCertificates.swift in Sources */,
				831553C1250E1C2E00EADE84 /* Endpoint.swift in Sources */,
				831553B9250D5DFD00EADE84 /* SessionManager.swift in Sources */,
				839F41E3252FBFD30062C307 /* MockAPIRoutes.swift in Sources */,
				83EE998224B05511000EDCE5 /* DetailViewController.swift in Sources */,
				839F41EB25318CCF0062C307 /* MockAPIProvider.swift in Sources */,
				83EE996824AE6FC8000EDCE5 /* SceneDelegate.swift in Sources */,
				83EE998824B07920000EDCE5 /* UIViewController+Ext.swift in Sources */,
				83EE997324AE80E2000EDCE5 /* Notifications+Helper.swift in Sources */,
				831553BF250E1BAE00EADE84 /* HTTPProvider.swift in Sources */,
				831553AB250C031100EADE84 /* HTTPError.swift in Sources */,
				831553B3250D545D00EADE84 /* ParameterEncoding.swift in Sources */,
				831553B7250D55D300EADE84 /* URLRequestConvertible.swift in Sources */,
				831553C3250E1D9B00EADE84 /* HTTPNetworkClient.swift in Sources */,
				83EE997F24AFEAAA000EDCE5 /* UIView+Pinning.swift in Sources */,
				831553AF250C0C4500EADE84 /* HTTPResult.swift in Sources */,
				83EE995824AE53F7000EDCE5 /* ContainerController.swift in Sources */,
				83EE997724AFC91C000EDCE5 /* AppDelegate.swift in Sources */,
				83EE997D24AFD3F7000EDCE5 /* Genre.swift in Sources */,
				83EE997924AFCECE000EDCE5 /* HomeControllerCells.swift in Sources */,
				83EE996F24AE763E000EDCE5 /* Strings+Helper.swift in Sources */,
				831553B1250D53EB00EADE84 /* HTTPResponse.swift in Sources */,
				83EE995A24AE5429000EDCE5 /* HomeController.swift in Sources */,
				831553AD250C0BA300EADE84 /* HTTPMethod.swift in Sources */,
				831553BD250E15AF00EADE84 /* HTTPProviderProtocol.swift in Sources */,
				83EE996D24AE71BC000EDCE5 /* NetworkService.swift in Sources */,
				83EE997B24AFD159000EDCE5 /* UIImageView+LoadImage.swift in Sources */,
				831553BB250E148600EADE84 /* HTTPRequest.swift in Sources */,
				83EE995F24AE6E03000EDCE5 /* Album.swift in Sources */,
				83EE998624B07769000EDCE5 /* WebView.swift in Sources */,
			);
			runOnlyForDeploymentPostprocessing = 0;
		};
		83EE993224AE46FF000EDCE5 /* Sources */ = {
			isa = PBXSourcesBuildPhase;
			buildActionMask = 2147483647;
			files = (
				839F420F2531B3EA0062C307 /* MockProviders.swift in Sources */,
				839F42202531B5DE0062C307 /* HTTPRequestSendTests.swift in Sources */,
				839F4231253426F60062C307 /* HTTPProviderTests.swift in Sources */,
				839F41FD253194B00062C307 /* TestEndpoints.swift in Sources */,
				839F422C253421CC0062C307 /* HTTPRequestBuildingTests.swift in Sources */,
			);
			runOnlyForDeploymentPostprocessing = 0;
		};
		83EE993D24AE46FF000EDCE5 /* Sources */ = {
			isa = PBXSourcesBuildPhase;
			buildActionMask = 2147483647;
			files = (
				83EE994624AE46FF000EDCE5 /* NikeCodingChallengeUITests.swift in Sources */,
			);
			runOnlyForDeploymentPostprocessing = 0;
		};
/* End PBXSourcesBuildPhase section */

/* Begin PBXTargetDependency section */
		83EE993824AE46FF000EDCE5 /* PBXTargetDependency */ = {
			isa = PBXTargetDependency;
			target = 83EE991F24AE46FA000EDCE5 /* NikeCodingChallenge */;
			targetProxy = 83EE993724AE46FF000EDCE5 /* PBXContainerItemProxy */;
		};
		83EE994324AE46FF000EDCE5 /* PBXTargetDependency */ = {
			isa = PBXTargetDependency;
			target = 83EE991F24AE46FA000EDCE5 /* NikeCodingChallenge */;
			targetProxy = 83EE994224AE46FF000EDCE5 /* PBXContainerItemProxy */;
		};
/* End PBXTargetDependency section */

/* Begin PBXVariantGroup section */
		83EE992E24AE46FF000EDCE5 /* LaunchScreen.storyboard */ = {
			isa = PBXVariantGroup;
			children = (
				83EE992F24AE46FF000EDCE5 /* Base */,
			);
			name = LaunchScreen.storyboard;
			sourceTree = "<group>";
		};
/* End PBXVariantGroup section */

/* Begin XCBuildConfiguration section */
		83EE994824AE46FF000EDCE5 /* Debug */ = {
			isa = XCBuildConfiguration;
			buildSettings = {
				ALWAYS_SEARCH_USER_PATHS = NO;
				CLANG_ANALYZER_NONNULL = YES;
				CLANG_ANALYZER_NUMBER_OBJECT_CONVERSION = YES_AGGRESSIVE;
				CLANG_CXX_LANGUAGE_STANDARD = "gnu++14";
				CLANG_CXX_LIBRARY = "libc++";
				CLANG_ENABLE_MODULES = YES;
				CLANG_ENABLE_OBJC_ARC = YES;
				CLANG_ENABLE_OBJC_WEAK = YES;
				CLANG_WARN_BLOCK_CAPTURE_AUTORELEASING = YES;
				CLANG_WARN_BOOL_CONVERSION = YES;
				CLANG_WARN_COMMA = YES;
				CLANG_WARN_CONSTANT_CONVERSION = YES;
				CLANG_WARN_DEPRECATED_OBJC_IMPLEMENTATIONS = YES;
				CLANG_WARN_DIRECT_OBJC_ISA_USAGE = YES_ERROR;
				CLANG_WARN_DOCUMENTATION_COMMENTS = YES;
				CLANG_WARN_EMPTY_BODY = YES;
				CLANG_WARN_ENUM_CONVERSION = YES;
				CLANG_WARN_INFINITE_RECURSION = YES;
				CLANG_WARN_INT_CONVERSION = YES;
				CLANG_WARN_NON_LITERAL_NULL_CONVERSION = YES;
				CLANG_WARN_OBJC_IMPLICIT_RETAIN_SELF = YES;
				CLANG_WARN_OBJC_LITERAL_CONVERSION = YES;
				CLANG_WARN_OBJC_ROOT_CLASS = YES_ERROR;
				CLANG_WARN_RANGE_LOOP_ANALYSIS = YES;
				CLANG_WARN_STRICT_PROTOTYPES = YES;
				CLANG_WARN_SUSPICIOUS_MOVE = YES;
				CLANG_WARN_UNGUARDED_AVAILABILITY = YES_AGGRESSIVE;
				CLANG_WARN_UNREACHABLE_CODE = YES;
				CLANG_WARN__DUPLICATE_METHOD_MATCH = YES;
				COPY_PHASE_STRIP = NO;
				DEBUG_INFORMATION_FORMAT = dwarf;
				ENABLE_STRICT_OBJC_MSGSEND = YES;
				ENABLE_TESTABILITY = YES;
				GCC_C_LANGUAGE_STANDARD = gnu11;
				GCC_DYNAMIC_NO_PIC = NO;
				GCC_NO_COMMON_BLOCKS = YES;
				GCC_OPTIMIZATION_LEVEL = 0;
				GCC_PREPROCESSOR_DEFINITIONS = (
					"DEBUG=1",
					"$(inherited)",
				);
				GCC_WARN_64_TO_32_BIT_CONVERSION = YES;
				GCC_WARN_ABOUT_RETURN_TYPE = YES_ERROR;
				GCC_WARN_UNDECLARED_SELECTOR = YES;
				GCC_WARN_UNINITIALIZED_AUTOS = YES_AGGRESSIVE;
				GCC_WARN_UNUSED_FUNCTION = YES;
				GCC_WARN_UNUSED_VARIABLE = YES;
				IPHONEOS_DEPLOYMENT_TARGET = 13.5;
				MTL_ENABLE_DEBUG_INFO = INCLUDE_SOURCE;
				MTL_FAST_MATH = YES;
				ONLY_ACTIVE_ARCH = YES;
				SDKROOT = iphoneos;
				SWIFT_ACTIVE_COMPILATION_CONDITIONS = DEBUG;
				SWIFT_OPTIMIZATION_LEVEL = "-Onone";
			};
			name = Debug;
		};
		83EE994924AE46FF000EDCE5 /* Release */ = {
			isa = XCBuildConfiguration;
			buildSettings = {
				ALWAYS_SEARCH_USER_PATHS = NO;
				CLANG_ANALYZER_NONNULL = YES;
				CLANG_ANALYZER_NUMBER_OBJECT_CONVERSION = YES_AGGRESSIVE;
				CLANG_CXX_LANGUAGE_STANDARD = "gnu++14";
				CLANG_CXX_LIBRARY = "libc++";
				CLANG_ENABLE_MODULES = YES;
				CLANG_ENABLE_OBJC_ARC = YES;
				CLANG_ENABLE_OBJC_WEAK = YES;
				CLANG_WARN_BLOCK_CAPTURE_AUTORELEASING = YES;
				CLANG_WARN_BOOL_CONVERSION = YES;
				CLANG_WARN_COMMA = YES;
				CLANG_WARN_CONSTANT_CONVERSION = YES;
				CLANG_WARN_DEPRECATED_OBJC_IMPLEMENTATIONS = YES;
				CLANG_WARN_DIRECT_OBJC_ISA_USAGE = YES_ERROR;
				CLANG_WARN_DOCUMENTATION_COMMENTS = YES;
				CLANG_WARN_EMPTY_BODY = YES;
				CLANG_WARN_ENUM_CONVERSION = YES;
				CLANG_WARN_INFINITE_RECURSION = YES;
				CLANG_WARN_INT_CONVERSION = YES;
				CLANG_WARN_NON_LITERAL_NULL_CONVERSION = YES;
				CLANG_WARN_OBJC_IMPLICIT_RETAIN_SELF = YES;
				CLANG_WARN_OBJC_LITERAL_CONVERSION = YES;
				CLANG_WARN_OBJC_ROOT_CLASS = YES_ERROR;
				CLANG_WARN_RANGE_LOOP_ANALYSIS = YES;
				CLANG_WARN_STRICT_PROTOTYPES = YES;
				CLANG_WARN_SUSPICIOUS_MOVE = YES;
				CLANG_WARN_UNGUARDED_AVAILABILITY = YES_AGGRESSIVE;
				CLANG_WARN_UNREACHABLE_CODE = YES;
				CLANG_WARN__DUPLICATE_METHOD_MATCH = YES;
				COPY_PHASE_STRIP = NO;
				DEBUG_INFORMATION_FORMAT = "dwarf-with-dsym";
				ENABLE_NS_ASSERTIONS = NO;
				ENABLE_STRICT_OBJC_MSGSEND = YES;
				GCC_C_LANGUAGE_STANDARD = gnu11;
				GCC_NO_COMMON_BLOCKS = YES;
				GCC_WARN_64_TO_32_BIT_CONVERSION = YES;
				GCC_WARN_ABOUT_RETURN_TYPE = YES_ERROR;
				GCC_WARN_UNDECLARED_SELECTOR = YES;
				GCC_WARN_UNINITIALIZED_AUTOS = YES_AGGRESSIVE;
				GCC_WARN_UNUSED_FUNCTION = YES;
				GCC_WARN_UNUSED_VARIABLE = YES;
				IPHONEOS_DEPLOYMENT_TARGET = 13.5;
				MTL_ENABLE_DEBUG_INFO = NO;
				MTL_FAST_MATH = YES;
				SDKROOT = iphoneos;
				SWIFT_COMPILATION_MODE = wholemodule;
				SWIFT_OPTIMIZATION_LEVEL = "-O";
				VALIDATE_PRODUCT = YES;
			};
			name = Release;
		};
		83EE994B24AE46FF000EDCE5 /* Debug */ = {
			isa = XCBuildConfiguration;
			buildSettings = {
				ASSETCATALOG_COMPILER_APPICON_NAME = AppIcon;
				CODE_SIGN_STYLE = Automatic;
				DEVELOPMENT_TEAM = PN9Z6QQB56;
				INFOPLIST_FILE = NikeCodingChallenge/Info.plist;
				LD_RUNPATH_SEARCH_PATHS = (
					"$(inherited)",
					"@executable_path/Frameworks",
				);
				PRODUCT_BUNDLE_IDENTIFIER = nikeCodingChallenge;
				PRODUCT_NAME = "$(TARGET_NAME)";
				SWIFT_VERSION = 5.0;
				TARGETED_DEVICE_FAMILY = "1,2";
			};
			name = Debug;
		};
		83EE994C24AE46FF000EDCE5 /* Release */ = {
			isa = XCBuildConfiguration;
			buildSettings = {
				ASSETCATALOG_COMPILER_APPICON_NAME = AppIcon;
				CODE_SIGN_STYLE = Automatic;
				DEVELOPMENT_TEAM = PN9Z6QQB56;
				INFOPLIST_FILE = NikeCodingChallenge/Info.plist;
				LD_RUNPATH_SEARCH_PATHS = (
					"$(inherited)",
					"@executable_path/Frameworks",
				);
				PRODUCT_BUNDLE_IDENTIFIER = nikeCodingChallenge;
				PRODUCT_NAME = "$(TARGET_NAME)";
				SWIFT_VERSION = 5.0;
				TARGETED_DEVICE_FAMILY = "1,2";
			};
			name = Release;
		};
		83EE994E24AE46FF000EDCE5 /* Debug */ = {
			isa = XCBuildConfiguration;
			buildSettings = {
				ALWAYS_EMBED_SWIFT_STANDARD_LIBRARIES = YES;
				BUNDLE_LOADER = "$(TEST_HOST)";
				CODE_SIGN_STYLE = Automatic;
				DEVELOPMENT_TEAM = PN9Z6QQB56;
				INFOPLIST_FILE = "Tests/Supporting Files/Info.plist";
				IPHONEOS_DEPLOYMENT_TARGET = 13.5;
				LD_RUNPATH_SEARCH_PATHS = (
					"$(inherited)",
					"@executable_path/Frameworks",
					"@loader_path/Frameworks",
				);
				PRODUCT_BUNDLE_IDENTIFIER = surpassingSportsiOS.NikeCodingChallengeTests;
				PRODUCT_NAME = "$(TARGET_NAME)";
				SWIFT_VERSION = 5.0;
				TARGETED_DEVICE_FAMILY = "1,2";
				TEST_HOST = "$(BUILT_PRODUCTS_DIR)/NikeCodingChallenge.app/NikeCodingChallenge";
			};
			name = Debug;
		};
		83EE994F24AE46FF000EDCE5 /* Release */ = {
			isa = XCBuildConfiguration;
			buildSettings = {
				ALWAYS_EMBED_SWIFT_STANDARD_LIBRARIES = YES;
				BUNDLE_LOADER = "$(TEST_HOST)";
				CODE_SIGN_STYLE = Automatic;
				DEVELOPMENT_TEAM = PN9Z6QQB56;
				INFOPLIST_FILE = "Tests/Supporting Files/Info.plist";
				IPHONEOS_DEPLOYMENT_TARGET = 13.5;
				LD_RUNPATH_SEARCH_PATHS = (
					"$(inherited)",
					"@executable_path/Frameworks",
					"@loader_path/Frameworks",
				);
				PRODUCT_BUNDLE_IDENTIFIER = surpassingSportsiOS.NikeCodingChallengeTests;
				PRODUCT_NAME = "$(TARGET_NAME)";
				SWIFT_VERSION = 5.0;
				TARGETED_DEVICE_FAMILY = "1,2";
				TEST_HOST = "$(BUILT_PRODUCTS_DIR)/NikeCodingChallenge.app/NikeCodingChallenge";
			};
			name = Release;
		};
		83EE995124AE46FF000EDCE5 /* Debug */ = {
			isa = XCBuildConfiguration;
			buildSettings = {
				ALWAYS_EMBED_SWIFT_STANDARD_LIBRARIES = YES;
				CODE_SIGN_STYLE = Automatic;
				DEVELOPMENT_TEAM = PN9Z6QQB56;
				INFOPLIST_FILE = NikeCodingChallengeUITests/Info.plist;
				LD_RUNPATH_SEARCH_PATHS = (
					"$(inherited)",
					"@executable_path/Frameworks",
					"@loader_path/Frameworks",
				);
				PRODUCT_BUNDLE_IDENTIFIER = surpassingSportsiOS.NikeCodingChallengeUITests;
				PRODUCT_NAME = "$(TARGET_NAME)";
				SWIFT_VERSION = 5.0;
				TARGETED_DEVICE_FAMILY = "1,2";
				TEST_TARGET_NAME = NikeCodingChallenge;
			};
			name = Debug;
		};
		83EE995224AE46FF000EDCE5 /* Release */ = {
			isa = XCBuildConfiguration;
			buildSettings = {
				ALWAYS_EMBED_SWIFT_STANDARD_LIBRARIES = YES;
				CODE_SIGN_STYLE = Automatic;
				DEVELOPMENT_TEAM = PN9Z6QQB56;
				INFOPLIST_FILE = NikeCodingChallengeUITests/Info.plist;
				LD_RUNPATH_SEARCH_PATHS = (
					"$(inherited)",
					"@executable_path/Frameworks",
					"@loader_path/Frameworks",
				);
				PRODUCT_BUNDLE_IDENTIFIER = surpassingSportsiOS.NikeCodingChallengeUITests;
				PRODUCT_NAME = "$(TARGET_NAME)";
				SWIFT_VERSION = 5.0;
				TARGETED_DEVICE_FAMILY = "1,2";
				TEST_TARGET_NAME = NikeCodingChallenge;
			};
			name = Release;
		};
/* End XCBuildConfiguration section */

/* Begin XCConfigurationList section */
		83EE991B24AE46FA000EDCE5 /* Build configuration list for PBXProject "NikeCodingChallenge" */ = {
			isa = XCConfigurationList;
			buildConfigurations = (
				83EE994824AE46FF000EDCE5 /* Debug */,
				83EE994924AE46FF000EDCE5 /* Release */,
			);
			defaultConfigurationIsVisible = 0;
			defaultConfigurationName = Release;
		};
		83EE994A24AE46FF000EDCE5 /* Build configuration list for PBXNativeTarget "NikeCodingChallenge" */ = {
			isa = XCConfigurationList;
			buildConfigurations = (
				83EE994B24AE46FF000EDCE5 /* Debug */,
				83EE994C24AE46FF000EDCE5 /* Release */,
			);
			defaultConfigurationIsVisible = 0;
			defaultConfigurationName = Release;
		};
		83EE994D24AE46FF000EDCE5 /* Build configuration list for PBXNativeTarget "NikeCodingChallengeTests" */ = {
			isa = XCConfigurationList;
			buildConfigurations = (
				83EE994E24AE46FF000EDCE5 /* Debug */,
				83EE994F24AE46FF000EDCE5 /* Release */,
			);
			defaultConfigurationIsVisible = 0;
			defaultConfigurationName = Release;
		};
		83EE995024AE46FF000EDCE5 /* Build configuration list for PBXNativeTarget "NikeCodingChallengeUITests" */ = {
			isa = XCConfigurationList;
			buildConfigurations = (
				83EE995124AE46FF000EDCE5 /* Debug */,
				83EE995224AE46FF000EDCE5 /* Release */,
			);
			defaultConfigurationIsVisible = 0;
			defaultConfigurationName = Release;
		};
/* End XCConfigurationList section */
	};
	rootObject = 83EE991824AE46FA000EDCE5 /* Project object */;
}
